
Microsoft Visual Studio Solution File, Format Version 12.00
# Visual Studio Version 17
VisualStudioVersion = 17.0.31903.59
MinimumVisualStudioVersion = 10.0.40219.1
Project("{FAE04EC0-301F-11D3-BF4B-00C04F79EFBC}") = "BsfConverter.Core", "BsfConverter.Core\BsfConverter.Core.csproj", "{85B7B280-982D-4590-A34D-77157998182E}"
EndProject
Project("{FAE04EC0-301F-11D3-BF4B-00C04F79EFBC}") = "BsfConverter.Test", "BsfConverter.Test\BsfConverter.Test.csproj", "{04301068-01F9-4DBF-9162-02D484449BC8}"
EndProject
Global
	GlobalSection(SolutionConfigurationPlatforms) = preSolution
		Debug|Any CPU = Debug|Any CPU
		Release|Any CPU = Release|Any CPU
	EndGlobalSection
	GlobalSection(SolutionProperties) = preSolution
		HideSolutionNode = FALSE
	EndGlobalSection
	GlobalSection(ProjectConfigurationPlatforms) = postSolution
		{85B7B280-982D-4590-A34D-77157998182E}.Debug|Any CPU.ActiveCfg = Debug|Any CPU
		{85B7B280-982D-4590-A34D-77157998182E}.Debug|Any CPU.Build.0 = Debug|Any CPU
		{85B7B280-982D-4590-A34D-77157998182E}.Release|Any CPU.ActiveCfg = Release|Any CPU
		{85B7B280-982D-4590-A34D-77157998182E}.Release|Any CPU.Build.0 = Release|Any CPU
		{04301068-01F9-4DBF-9162-02D484449BC8}.Debug|Any CPU.ActiveCfg = Debug|Any CPU
		{04301068-01F9-4DBF-9162-02D484449BC8}.Debug|Any CPU.Build.0 = Debug|Any CPU
		{04301068-01F9-4DBF-9162-02D484449BC8}.Release|Any CPU.ActiveCfg = Release|Any CPU
		{04301068-01F9-4DBF-9162-02D484449BC8}.Release|Any CPU.Build.0 = Release|Any CPU
	EndGlobalSection
EndGlobal
